{
  "name": "raml1-to-postman",
  "version": "1.0.0",
  "dependencies": {
    "@types/node": {
      "version": "7.10.7",
      "from": "@types/node@>=7.0.31 <8.0.0",
      "resolved": "https://registry.npmjs.org/@types/node/-/node-7.10.7.tgz"
    },
    "amdefine": {
      "version": "0.0.8",
      "from": "amdefine@>=0.0.4 <0.1.0",
      "resolved": "https://registry.npmjs.org/amdefine/-/amdefine-0.0.8.tgz"
    },
    "ansi-styles": {
      "version": "3.2.1",
      "from": "ansi-styles@>=3.2.1 <4.0.0",
      "resolved": "https://registry.npmjs.org/ansi-styles/-/ansi-styles-3.2.1.tgz"
    },
    "array-uniq": {
      "version": "1.0.3",
      "from": "array-uniq@>=1.0.2 <2.0.0",
      "resolved": "https://registry.npmjs.org/array-uniq/-/array-uniq-1.0.3.tgz"
    },
    "bignumber.js": {
      "version": "4.1.0",
      "from": "bignumber.js@4.1.0",
      "resolved": "https://registry.npmjs.org/bignumber.js/-/bignumber.js-4.1.0.tgz"
    },
    "camel-case": {
      "version": "3.0.0",
      "from": "camel-case@>=3.0.0 <4.0.0",
      "resolved": "https://registry.npmjs.org/camel-case/-/camel-case-3.0.0.tgz"
    },
    "chalk": {
      "version": "2.4.2",
      "from": "chalk@>=2.3.0 <3.0.0",
      "resolved": "https://registry.npmjs.org/chalk/-/chalk-2.4.2.tgz"
    },
    "chance": {
      "version": "1.1.0",
      "from": "chance@>=1.0.11 <2.0.0",
      "resolved": "https://registry.npmjs.org/chance/-/chance-1.1.0.tgz"
    },
    "change-case": {
      "version": "3.0.1",
      "from": "change-case@3.0.1",
      "resolved": "https://registry.npmjs.org/change-case/-/change-case-3.0.1.tgz"
    },
    "charset": {
      "version": "1.0.1",
      "from": "charset@>=1.0.0 <2.0.0",
      "resolved": "https://registry.npmjs.org/charset/-/charset-1.0.1.tgz"
    },
    "color-convert": {
      "version": "1.9.3",
      "from": "color-convert@>=1.9.0 <2.0.0",
      "resolved": "https://registry.npmjs.org/color-convert/-/color-convert-1.9.3.tgz"
    },
    "color-name": {
      "version": "1.1.3",
      "from": "color-name@1.1.3",
      "resolved": "https://registry.npmjs.org/color-name/-/color-name-1.1.3.tgz"
    },
    "commander": {
      "version": "2.20.0",
      "from": "commander@>=2.7.1 <3.0.0",
      "resolved": "https://registry.npmjs.org/commander/-/commander-2.20.0.tgz",
      "optional": true
    },
    "constant-case": {
      "version": "2.0.0",
      "from": "constant-case@>=2.0.0 <3.0.0",
      "resolved": "https://registry.npmjs.org/constant-case/-/constant-case-2.0.0.tgz"
    },
    "date-and-time": {
      "version": "0.5.0",
      "from": "date-and-time@0.5.0",
      "resolved": "https://registry.npmjs.org/date-and-time/-/date-and-time-0.5.0.tgz"
    },
    "deep-extend": {
      "version": "0.6.0",
      "from": "deep-extend@>=0.6.0 <0.7.0",
      "resolved": "https://registry.npmjs.org/deep-extend/-/deep-extend-0.6.0.tgz"
    },
    "deref": {
      "version": "0.7.6",
      "from": "deref@>=0.7.0 <0.8.0",
      "resolved": "https://registry.npmjs.org/deref/-/deref-0.7.6.tgz"
    },
    "dom-serializer": {
      "version": "0.2.1",
      "from": "dom-serializer@>=0.0.0 <1.0.0",
      "resolved": "https://registry.npmjs.org/dom-serializer/-/dom-serializer-0.2.1.tgz",
      "dependencies": {
        "domelementtype": {
          "version": "2.0.1",
          "from": "domelementtype@>=2.0.1 <3.0.0",
          "resolved": "https://registry.npmjs.org/domelementtype/-/domelementtype-2.0.1.tgz"
        },
        "entities": {
          "version": "2.0.0",
          "from": "entities@>=2.0.0 <3.0.0",
          "resolved": "https://registry.npmjs.org/entities/-/entities-2.0.0.tgz"
        }
      }
    },
    "domelementtype": {
      "version": "1.3.1",
      "from": "domelementtype@>=1.3.1 <2.0.0",
      "resolved": "https://registry.npmjs.org/domelementtype/-/domelementtype-1.3.1.tgz"
    },
    "domhandler": {
      "version": "2.4.2",
      "from": "domhandler@>=2.3.0 <3.0.0",
      "resolved": "https://registry.npmjs.org/domhandler/-/domhandler-2.4.2.tgz"
    },
    "domutils": {
      "version": "1.7.0",
      "from": "domutils@>=1.5.1 <2.0.0",
      "resolved": "https://registry.npmjs.org/domutils/-/domutils-1.7.0.tgz"
    },
    "dot-case": {
      "version": "2.1.1",
      "from": "dot-case@>=2.1.0 <3.0.0",
      "resolved": "https://registry.npmjs.org/dot-case/-/dot-case-2.1.1.tgz"
    },
    "drange": {
      "version": "1.1.1",
      "from": "drange@>=1.0.0 <2.0.0",
      "resolved": "https://registry.npmjs.org/drange/-/drange-1.1.1.tgz"
    },
    "entities": {
      "version": "1.1.2",
      "from": "entities@>=1.1.1 <2.0.0",
      "resolved": "https://registry.npmjs.org/entities/-/entities-1.1.2.tgz"
    },
    "escape-html": {
      "version": "1.0.3",
      "from": "escape-html@1.0.3",
      "resolved": "https://registry.npmjs.org/escape-html/-/escape-html-1.0.3.tgz"
    },
    "escape-string-regexp": {
      "version": "1.0.5",
      "from": "escape-string-regexp@>=1.0.5 <2.0.0",
      "resolved": "https://registry.npmjs.org/escape-string-regexp/-/escape-string-regexp-1.0.5.tgz"
    },
    "faker": {
      "version": "4.1.0",
      "from": "faker@>=4.1.0 <5.0.0",
      "resolved": "https://registry.npmjs.org/faker/-/faker-4.1.0.tgz"
    },
    "file-type": {
      "version": "3.9.0",
      "from": "file-type@3.9.0",
      "resolved": "https://registry.npmjs.org/file-type/-/file-type-3.9.0.tgz"
    },
    "fs-extra": {
      "version": "4.0.2",
      "from": "fs-extra@4.0.2",
      "resolved": "https://registry.npmjs.org/fs-extra/-/fs-extra-4.0.2.tgz"
    },
    "graceful-fs": {
      "version": "4.2.2",
      "from": "graceful-fs@>=4.1.2 <5.0.0",
      "resolved": "https://registry.npmjs.org/graceful-fs/-/graceful-fs-4.2.2.tgz"
    },
    "has-flag": {
      "version": "3.0.0",
      "from": "has-flag@>=3.0.0 <4.0.0",
      "resolved": "https://registry.npmjs.org/has-flag/-/has-flag-3.0.0.tgz"
    },
    "header-case": {
      "version": "1.0.1",
      "from": "header-case@>=1.0.0 <2.0.0",
      "resolved": "https://registry.npmjs.org/header-case/-/header-case-1.0.1.tgz"
    },
    "htmlparser2": {
      "version": "3.10.1",
      "from": "htmlparser2@>=3.9.0 <4.0.0",
      "resolved": "https://registry.npmjs.org/htmlparser2/-/htmlparser2-3.10.1.tgz"
    },
    "http-reasons": {
      "version": "0.1.0",
      "from": "http-reasons@0.1.0",
      "resolved": "https://registry.npmjs.org/http-reasons/-/http-reasons-0.1.0.tgz"
    },
    "http-response-object": {
      "version": "2.0.3",
      "from": "http-response-object@2.0.3",
      "resolved": "https://registry.npmjs.org/http-response-object/-/http-response-object-2.0.3.tgz"
    },
    "iconv-lite": {
      "version": "0.4.23",
      "from": "iconv-lite@0.4.23",
      "resolved": "https://registry.npmjs.org/iconv-lite/-/iconv-lite-0.4.23.tgz"
    },
    "inherits": {
      "version": "2.0.4",
      "from": "inherits@>=2.0.1 <3.0.0",
      "resolved": "https://registry.npmjs.org/inherits/-/inherits-2.0.4.tgz"
    },
    "invariant": {
      "version": "2.2.2",
      "from": "invariant@2.2.2",
      "resolved": "https://registry.npmjs.org/invariant/-/invariant-2.2.2.tgz"
    },
    "is-lower-case": {
      "version": "1.1.3",
      "from": "is-lower-case@>=1.1.0 <2.0.0",
      "resolved": "https://registry.npmjs.org/is-lower-case/-/is-lower-case-1.1.3.tgz"
    },
    "is-upper-case": {
      "version": "1.1.2",
      "from": "is-upper-case@>=1.1.0 <2.0.0",
      "resolved": "https://registry.npmjs.org/is-upper-case/-/is-upper-case-1.1.2.tgz"
    },
    "js-tokens": {
      "version": "4.0.0",
      "from": "js-tokens@>=3.0.0 <4.0.0||>=4.0.0 <5.0.0",
      "resolved": "https://registry.npmjs.org/js-tokens/-/js-tokens-4.0.0.tgz"
    },
    "json-path": {
      "version": "0.1.3",
      "from": "json-path@0.1.3",
      "resolved": "https://registry.npmjs.org/json-path/-/json-path-0.1.3.tgz"
    },
    "json-ptr": {
      "version": "0.1.1",
      "from": "json-ptr@>=0.1.1 <0.2.0",
      "resolved": "https://registry.npmjs.org/json-ptr/-/json-ptr-0.1.1.tgz"
    },
    "json-schema-compatibility": {
      "version": "1.1.0",
      "from": "json-schema-compatibility@1.1.0",
      "resolved": "https://registry.npmjs.org/json-schema-compatibility/-/json-schema-compatibility-1.1.0.tgz"
    },
    "json-schema-faker": {
      "version": "0.4.7",
      "from": "json-schema-faker@0.4.7",
      "resolved": "https://registry.npmjs.org/json-schema-faker/-/json-schema-faker-0.4.7.tgz"
    },
    "json-stable-stringify": {
      "version": "1.0.1",
      "from": "json-stable-stringify@1.0.1",
      "resolved": "https://registry.npmjs.org/json-stable-stringify/-/json-stable-stringify-1.0.1.tgz"
    },
    "json-to-ast": {
      "version": "2.0.0-alpha1.3",
      "from": "json-to-ast@2.0.0-alpha1.3",
      "resolved": "https://registry.npmjs.org/json-to-ast/-/json-to-ast-2.0.0-alpha1.3.tgz"
    },
    "jsonfile": {
      "version": "4.0.0",
      "from": "jsonfile@>=4.0.0 <5.0.0",
      "resolved": "https://registry.npmjs.org/jsonfile/-/jsonfile-4.0.0.tgz"
    },
    "jsonify": {
      "version": "0.0.0",
      "from": "jsonify@>=0.0.0 <0.1.0",
      "resolved": "https://registry.npmjs.org/jsonify/-/jsonify-0.0.0.tgz"
    },
    "know-your-http-well": {
      "version": "0.5.0",
      "from": "know-your-http-well@0.5.0",
      "resolved": "https://registry.npmjs.org/know-your-http-well/-/know-your-http-well-0.5.0.tgz"
    },
    "liquid-json": {
      "version": "0.3.1",
      "from": "liquid-json@0.3.1",
      "resolved": "https://registry.npmjs.org/liquid-json/-/liquid-json-0.3.1.tgz"
    },
    "lodash.clonedeep": {
      "version": "4.5.0",
      "from": "lodash.clonedeep@>=4.5.0 <5.0.0",
      "resolved": "https://registry.npmjs.org/lodash.clonedeep/-/lodash.clonedeep-4.5.0.tgz"
    },
    "lodash.escaperegexp": {
      "version": "4.1.2",
      "from": "lodash.escaperegexp@>=4.1.2 <5.0.0",
      "resolved": "https://registry.npmjs.org/lodash.escaperegexp/-/lodash.escaperegexp-4.1.2.tgz"
    },
    "lodash.get": {
      "version": "4.4.2",
      "from": "lodash.get@>=4.0.0 <5.0.0",
      "resolved": "https://registry.npmjs.org/lodash.get/-/lodash.get-4.4.2.tgz"
    },
    "lodash.isequal": {
      "version": "4.5.0",
      "from": "lodash.isequal@>=4.0.0 <5.0.0",
      "resolved": "https://registry.npmjs.org/lodash.isequal/-/lodash.isequal-4.5.0.tgz"
    },
    "lodash.isplainobject": {
      "version": "4.0.6",
      "from": "lodash.isplainobject@>=4.0.6 <5.0.0",
      "resolved": "https://registry.npmjs.org/lodash.isplainobject/-/lodash.isplainobject-4.0.6.tgz"
    },
    "lodash.isstring": {
      "version": "4.0.1",
      "from": "lodash.isstring@>=4.0.1 <5.0.0",
      "resolved": "https://registry.npmjs.org/lodash.isstring/-/lodash.isstring-4.0.1.tgz"
    },
    "lodash.mergewith": {
      "version": "4.6.2",
      "from": "lodash.mergewith@>=4.6.0 <5.0.0",
      "resolved": "https://registry.npmjs.org/lodash.mergewith/-/lodash.mergewith-4.6.2.tgz"
    },
    "loophole": {
      "version": "1.1.0",
      "from": "loophole@1.1.0",
      "resolved": "https://registry.npmjs.org/loophole/-/loophole-1.1.0.tgz"
    },
    "loose-envify": {
      "version": "1.4.0",
      "from": "loose-envify@>=1.0.0 <2.0.0",
      "resolved": "https://registry.npmjs.org/loose-envify/-/loose-envify-1.4.0.tgz"
    },
    "lower-case": {
      "version": "1.1.4",
      "from": "lower-case@>=1.1.1 <2.0.0",
      "resolved": "https://registry.npmjs.org/lower-case/-/lower-case-1.1.4.tgz"
    },
    "lower-case-first": {
      "version": "1.0.2",
      "from": "lower-case-first@>=1.0.0 <2.0.0",
      "resolved": "https://registry.npmjs.org/lower-case-first/-/lower-case-first-1.0.2.tgz"
    },
    "lrucache": {
      "version": "1.0.3",
      "from": "lrucache@1.0.3",
      "resolved": "https://registry.npmjs.org/lrucache/-/lrucache-1.0.3.tgz"
    },
    "marked": {
      "version": "0.5.0",
      "from": "marked@0.5.0",
      "resolved": "https://registry.npmjs.org/marked/-/marked-0.5.0.tgz"
    },
    "media-typer": {
      "version": "0.3.0",
      "from": "media-typer@0.3.0",
      "resolved": "https://registry.npmjs.org/media-typer/-/media-typer-0.3.0.tgz"
    },
    "mime-db": {
      "version": "1.35.0",
      "from": "mime-db@>=1.35.0 <1.36.0",
      "resolved": "https://registry.npmjs.org/mime-db/-/mime-db-1.35.0.tgz"
    },
    "mime-format": {
      "version": "2.0.0",
      "from": "mime-format@2.0.0",
      "resolved": "https://registry.npmjs.org/mime-format/-/mime-format-2.0.0.tgz"
    },
    "mime-types": {
      "version": "2.1.19",
      "from": "mime-types@2.1.19",
      "resolved": "https://registry.npmjs.org/mime-types/-/mime-types-2.1.19.tgz"
    },
    "minimist": {
      "version": "0.0.8",
      "from": "minimist@0.0.8",
      "resolved": "https://registry.npmjs.org/minimist/-/minimist-0.0.8.tgz"
    },
    "mkdirp": {
      "version": "0.5.1",
      "from": "mkdirp@0.5.1",
      "resolved": "https://registry.npmjs.org/mkdirp/-/mkdirp-0.5.1.tgz"
    },
    "no-case": {
      "version": "2.3.2",
      "from": "no-case@>=2.2.0 <3.0.0",
      "resolved": "https://registry.npmjs.org/no-case/-/no-case-2.3.2.tgz"
    },
    "number-is-nan": {
      "version": "1.0.1",
      "from": "number-is-nan@>=1.0.0 <2.0.0",
      "resolved": "https://registry.npmjs.org/number-is-nan/-/number-is-nan-1.0.1.tgz"
    },
    "param-case": {
      "version": "2.1.1",
      "from": "param-case@>=2.1.0 <3.0.0",
      "resolved": "https://registry.npmjs.org/param-case/-/param-case-2.1.1.tgz"
    },
    "pascal-case": {
      "version": "2.0.1",
      "from": "pascal-case@>=2.0.0 <3.0.0",
      "resolved": "https://registry.npmjs.org/pascal-case/-/pascal-case-2.0.1.tgz"
    },
    "path-case": {
      "version": "2.1.1",
      "from": "path-case@>=2.1.0 <3.0.0",
      "resolved": "https://registry.npmjs.org/path-case/-/path-case-2.1.1.tgz"
    },
    "pluralize": {
      "version": "7.0.0",
      "from": "pluralize@7.0.0",
      "resolved": "https://registry.npmjs.org/pluralize/-/pluralize-7.0.0.tgz"
    },
    "postcss": {
      "version": "6.0.23",
      "from": "postcss@>=6.0.14 <7.0.0",
      "resolved": "https://registry.npmjs.org/postcss/-/postcss-6.0.23.tgz"
    },
    "postman-collection": {
      "version": "3.2.0",
      "from": "postman-collection@3.2.0",
      "resolved": "https://registry.npmjs.org/postman-collection/-/postman-collection-3.2.0.tgz",
      "dependencies": {
        "lodash": {
          "version": "4.17.10",
          "from": "lodash@4.17.10",
          "resolved": "https://registry.npmjs.org/lodash/-/lodash-4.17.10.tgz"
        }
      }
    },
    "postman-url-encoder": {
      "version": "1.0.1",
      "from": "postman-url-encoder@1.0.1",
      "resolved": "https://registry.npmjs.org/postman-url-encoder/-/postman-url-encoder-1.0.1.tgz"
    },
    "promise-polyfill": {
      "version": "6.0.2",
      "from": "promise-polyfill@6.0.2",
      "resolved": "https://registry.npmjs.org/promise-polyfill/-/promise-polyfill-6.0.2.tgz"
    },
    "q": {
      "version": "1.5.0",
      "from": "q@1.5.0",
      "resolved": "https://registry.npmjs.org/q/-/q-1.5.0.tgz"
    },
    "raml-1-parser": {
      "version": "1.1.47",
      "from": "raml-1-parser@1.1.47",
      "resolved": "https://registry.npmjs.org/raml-1-parser/-/raml-1-parser-1.1.47.tgz"
    },
    "raml-definition-system": {
      "version": "0.0.84",
      "from": "raml-definition-system@0.0.84",
      "resolved": "https://registry.npmjs.org/raml-definition-system/-/raml-definition-system-0.0.84.tgz"
    },
    "raml-json-validation": {
      "version": "0.0.18",
      "from": "raml-json-validation@0.0.18",
      "resolved": "https://registry.npmjs.org/raml-json-validation/-/raml-json-validation-0.0.18.tgz",
      "optional": true
    },
    "raml-typesystem": {
      "version": "0.0.89",
      "from": "raml-typesystem@0.0.89",
      "resolved": "https://registry.npmjs.org/raml-typesystem/-/raml-typesystem-0.0.89.tgz"
    },
    "raml-xml-validation": {
      "version": "0.0.15",
      "from": "raml-xml-validation@0.0.15",
      "resolved": "https://registry.npmjs.org/raml-xml-validation/-/raml-xml-validation-0.0.15.tgz",
      "optional": true
    },
    "randexp": {
      "version": "0.4.9",
      "from": "randexp@>=0.4.6 <0.5.0",
      "resolved": "https://registry.npmjs.org/randexp/-/randexp-0.4.9.tgz"
    },
    "readable-stream": {
      "version": "3.4.0",
      "from": "readable-stream@>=3.1.1 <4.0.0",
      "resolved": "https://registry.npmjs.org/readable-stream/-/readable-stream-3.4.0.tgz"
    },
    "ret": {
      "version": "0.2.2",
      "from": "ret@>=0.2.0 <0.3.0",
      "resolved": "https://registry.npmjs.org/ret/-/ret-0.2.2.tgz"
    },
    "safe-buffer": {
      "version": "5.2.0",
      "from": "safe-buffer@>=5.2.0 <5.3.0",
      "resolved": "https://registry.npmjs.org/safe-buffer/-/safe-buffer-5.2.0.tgz"
    },
    "safer-buffer": {
      "version": "2.1.2",
      "from": "safer-buffer@>=2.1.2 <3.0.0",
      "resolved": "https://registry.npmjs.org/safer-buffer/-/safer-buffer-2.1.2.tgz"
    },
    "sanitize-html": {
      "version": "1.18.4",
      "from": "sanitize-html@1.18.4",
      "resolved": "https://registry.npmjs.org/sanitize-html/-/sanitize-html-1.18.4.tgz"
    },
    "sax": {
      "version": "1.2.4",
      "from": "sax@>=0.6.0",
      "resolved": "https://registry.npmjs.org/sax/-/sax-1.2.4.tgz"
    },
    "semver": {
      "version": "5.5.1",
      "from": "semver@5.5.1",
      "resolved": "https://registry.npmjs.org/semver/-/semver-5.5.1.tgz"
    },
    "sentence-case": {
      "version": "2.1.1",
      "from": "sentence-case@>=2.1.0 <3.0.0",
      "resolved": "https://registry.npmjs.org/sentence-case/-/sentence-case-2.1.1.tgz"
    },
    "snake-case": {
      "version": "2.1.0",
      "from": "snake-case@>=2.1.0 <3.0.0",
      "resolved": "https://registry.npmjs.org/snake-case/-/snake-case-2.1.0.tgz"
    },
    "source-map": {
      "version": "0.6.1",
      "from": "source-map@>=0.6.1 <0.7.0",
      "resolved": "https://registry.npmjs.org/source-map/-/source-map-0.6.1.tgz"
    },
    "srcset": {
      "version": "1.0.0",
      "from": "srcset@>=1.0.0 <2.0.0",
      "resolved": "https://registry.npmjs.org/srcset/-/srcset-1.0.0.tgz"
    },
    "string_decoder": {
      "version": "1.3.0",
      "from": "string_decoder@>=1.1.1 <2.0.0",
      "resolved": "https://registry.npmjs.org/string_decoder/-/string_decoder-1.3.0.tgz"
    },
    "supports-color": {
      "version": "5.5.0",
      "from": "supports-color@>=5.3.0 <6.0.0",
      "resolved": "https://registry.npmjs.org/supports-color/-/supports-color-5.5.0.tgz"
    },
    "swap-case": {
      "version": "1.1.2",
      "from": "swap-case@>=1.1.0 <2.0.0",
      "resolved": "https://registry.npmjs.org/swap-case/-/swap-case-1.1.2.tgz"
    },
    "title-case": {
      "version": "2.1.1",
      "from": "title-case@>=2.1.0 <3.0.0",
      "resolved": "https://registry.npmjs.org/title-case/-/title-case-2.1.1.tgz"
    },
    "ts-model": {
      "version": "0.0.18",
      "from": "ts-model@0.0.18",
      "resolved": "https://registry.npmjs.org/ts-model/-/ts-model-0.0.18.tgz"
    },
    "ts-structure-parser": {
      "version": "0.0.17",
      "from": "ts-structure-parser@0.0.17",
      "resolved": "https://registry.npmjs.org/ts-structure-parser/-/ts-structure-parser-0.0.17.tgz"
    },
    "tslib": {
      "version": "1.10.0",
      "from": "tslib@>=1.8.0 <2.0.0",
      "resolved": "https://registry.npmjs.org/tslib/-/tslib-1.10.0.tgz"
    },
    "typescript": {
      "version": "3.0.1",
      "from": "typescript@3.0.1",
      "resolved": "https://registry.npmjs.org/typescript/-/typescript-3.0.1.tgz"
    },
    "typescript-compiler": {
      "version": "1.4.1-2",
      "from": "typescript-compiler@1.4.1-2",
      "resolved": "https://registry.npmjs.org/typescript-compiler/-/typescript-compiler-1.4.1-2.tgz"
    },
    "underscore": {
      "version": "1.9.1",
      "from": "underscore@1.9.1",
      "resolved": "https://registry.npmjs.org/underscore/-/underscore-1.9.1.tgz"
    },
    "universalify": {
      "version": "0.1.2",
      "from": "universalify@>=0.1.0 <0.2.0",
      "resolved": "https://registry.npmjs.org/universalify/-/universalify-0.1.2.tgz"
    },
    "upper-case": {
      "version": "1.1.3",
      "from": "upper-case@>=1.1.1 <2.0.0",
      "resolved": "https://registry.npmjs.org/upper-case/-/upper-case-1.1.3.tgz"
    },
    "upper-case-first": {
      "version": "1.1.2",
      "from": "upper-case-first@>=1.1.0 <2.0.0",
      "resolved": "https://registry.npmjs.org/upper-case-first/-/upper-case-first-1.1.2.tgz"
    },
    "urlsafe-base64": {
      "version": "1.0.0",
      "from": "urlsafe-base64@>=1.0.0 <2.0.0",
      "resolved": "https://registry.npmjs.org/urlsafe-base64/-/urlsafe-base64-1.0.0.tgz"
    },
    "util-deprecate": {
      "version": "1.0.2",
      "from": "util-deprecate@>=1.0.1 <2.0.0",
      "resolved": "https://registry.npmjs.org/util-deprecate/-/util-deprecate-1.0.2.tgz"
    },
    "uuid": {
      "version": "3.3.2",
      "from": "uuid@3.3.2",
      "resolved": "https://registry.npmjs.org/uuid/-/uuid-3.3.2.tgz"
    },
    "validator": {
      "version": "10.11.0",
      "from": "validator@>=10.0.0 <11.0.0",
      "resolved": "https://registry.npmjs.org/validator/-/validator-10.11.0.tgz"
    },
    "xhr2": {
      "version": "0.1.4",
      "from": "xhr2@0.1.4",
      "resolved": "https://registry.npmjs.org/xhr2/-/xhr2-0.1.4.tgz"
    },
    "xml2js": {
      "version": "0.4.19",
      "from": "xml2js@0.4.19",
      "resolved": "https://registry.npmjs.org/xml2js/-/xml2js-0.4.19.tgz"
    },
    "xmlbuilder": {
      "version": "9.0.7",
      "from": "xmlbuilder@>=9.0.1 <9.1.0",
      "resolved": "https://registry.npmjs.org/xmlbuilder/-/xmlbuilder-9.0.7.tgz"
    },
    "xmldom": {
      "version": "0.1.27",
      "from": "xmldom@0.1.27",
      "resolved": "https://registry.npmjs.org/xmldom/-/xmldom-0.1.27.tgz"
    },
    "xmlhttprequest": {
      "version": "1.8.0",
      "from": "xmlhttprequest@1.8.0",
      "resolved": "https://registry.npmjs.org/xmlhttprequest/-/xmlhttprequest-1.8.0.tgz"
    },
    "xmllint-jsparser": {
      "version": "0.0.3",
      "from": "xmllint-jsparser@0.0.3",
      "resolved": "https://registry.npmjs.org/xmllint-jsparser/-/xmllint-jsparser-0.0.3.tgz",
      "optional": true
    },
    "xtend": {
      "version": "4.0.2",
      "from": "xtend@>=4.0.0 <5.0.0",
      "resolved": "https://registry.npmjs.org/xtend/-/xtend-4.0.2.tgz"
    },
    "yaml-ast-parser": {
      "version": "0.0.41",
      "from": "yaml-ast-parser@0.0.41",
      "resolved": "https://registry.npmjs.org/yaml-ast-parser/-/yaml-ast-parser-0.0.41.tgz"
    },
    "z-schema": {
      "version": "3.21.0",
      "from": "z-schema@3.21.0",
      "resolved": "https://registry.npmjs.org/z-schema/-/z-schema-3.21.0.tgz"
    }
  }
}
